
Microsoft Visual Studio Solution File, Format Version 12.00
# Visual Studio Version 17
VisualStudioVersion = 17.5.002.0
MinimumVisualStudioVersion = 10.0.40219.1
Project("{9A19103F-16F7-4668-BE54-9A1E7A4F7556}") = "ApiAula1", "ApiAula1.csproj", "{6CE416B6-789D-46B3-B233-BBB641A22943}"
EndProject
Global
	GlobalSection(SolutionConfigurationPlatforms) = preSolution
		Debug|Any CPU = Debug|Any CPU
		Release|Any CPU = Release|Any CPU
	EndGlobalSection
	GlobalSection(ProjectConfigurationPlatforms) = postSolution
		{6CE416B6-789D-46B3-B233-BBB641A22943}.Debug|Any CPU.ActiveCfg = Debug|Any CPU
		{6CE416B6-789D-46B3-B233-BBB641A22943}.Debug|Any CPU.Build.0 = Debug|Any CPU
		{6CE416B6-789D-46B3-B233-BBB641A22943}.Release|Any CPU.ActiveCfg = Release|Any CPU
		{6CE416B6-789D-46B3-B233-BBB641A22943}.Release|Any CPU.Build.0 = Release|Any CPU
	EndGlobalSection
	GlobalSection(SolutionProperties) = preSolution
		HideSolutionNode = FALSE
	EndGlobalSection
	GlobalSection(ExtensibilityGlobals) = postSolution
		SolutionGuid = {C147E2D3-67EC-496A-B8C7-4691A19C7991}
	EndGlobalSection
EndGlobal
